// !$*UTF8*$!
{
	archiveVersion = 1;
	classes = {
	};
	objectVersion = 50;
	objects = {

/* Begin PBXBuildFile section */
		38665FB221B2F7BF002FA2BE /* AppDelegate.swift in Sources */ = {isa = PBXBuildFile; fileRef = 38665FB121B2F7BF002FA2BE /* AppDelegate.swift */; };
		38665FB421B2F7BF002FA2BE /* ViewController.swift in Sources */ = {isa = PBXBuildFile; fileRef = 38665FB321B2F7BF002FA2BE /* ViewController.swift */; };
		38665FB721B2F7BF002FA2BE /* Main.storyboard in Resources */ = {isa = PBXBuildFile; fileRef = 38665FB521B2F7BF002FA2BE /* Main.storyboard */; };
		38665FB921B2F7BF002FA2BE /* Assets.xcassets in Resources */ = {isa = PBXBuildFile; fileRef = 38665FB821B2F7BF002FA2BE /* Assets.xcassets */; };
		38665FBC21B2F7BF002FA2BE /* LaunchScreen.storyboard in Resources */ = {isa = PBXBuildFile; fileRef = 38665FBA21B2F7BF002FA2BE /* LaunchScreen.storyboard */; };
/* End PBXBuildFile section */

/* Begin PBXFileReference section */
		38665FAE21B2F7BF002FA2BE /* Auto Layout Calculator.app */ = {isa = PBXFileReference; explicitFileType = wrapper.application; includeInIndex = 0; path = "Auto Layout Calculator.app"; sourceTree = BUILT_PRODUCTS_DIR; };
		38665FB121B2F7BF002FA2BE /* AppDelegate.swift */ = {isa = PBXFileReference; lastKnownFileType = sourcecode.swift; path = AppDelegate.swift; sourceTree = "<group>"; };
		38665FB321B2F7BF002FA2BE /* ViewController.swift */ = {isa = PBXFileReference; lastKnownFileType = sourcecode.swift; path = ViewController.swift; sourceTree = "<group>"; };
		38665FB621B2F7BF002FA2BE /* Base */ = {isa = PBXFileReference; lastKnownFileType = file.storyboard; name = Base; path = Base.lproj/Main.storyboard; sourceTree = "<group>"; };
		38665FB821B2F7BF002FA2BE /* Assets.xcassets */ = {isa = PBXFileReference; lastKnownFileType = folder.assetcatalog; path = Assets.xcassets; sourceTree = "<group>"; };
		38665FBB21B2F7BF002FA2BE /* Base */ = {isa = PBXFileReference; lastKnownFileType = file.storyboard; name = Base; path = Base.lproj/LaunchScreen.storyboard; sourceTree = "<group>"; };
		38665FBD21B2F7BF002FA2BE /* Info.plist */ = {isa = PBXFileReference; lastKnownFileType = text.plist.xml; path = Info.plist; sourceTree = "<group>"; };
/* End PBXFileReference section */

/* Begin PBXFrameworksBuildPhase section */
		38665FAB21B2F7BF002FA2BE /* Frameworks */ = {
			isa = PBXFrameworksBuildPhase;
			buildActionMask = 2147483647;
			files = (
			);
			runOnlyForDeploymentPostprocessing = 0;
		};
/* End PBXFrameworksBuildPhase section */

/* Begin PBXGroup section */
		38665FA521B2F7BF002FA2BE = {
			isa = PBXGroup;
			children = (
				38665FB021B2F7BF002FA2BE /* Auto Layout Calculator */,
				38665FAF21B2F7BF002FA2BE /* Products */,
			);
			sourceTree = "<group>";
		};
		38665FAF21B2F7BF002FA2BE /* Products */ = {
			isa = PBXGroup;
			children = (
				38665FAE21B2F7BF002FA2BE /* Auto Layout Calculator.app */,
			);
			name = Products;
			sourceTree = "<group>";
		};
		38665FB021B2F7BF002FA2BE /* Auto Layout Calculator */ = {
			isa = PBXGroup;
			children = (
				38665FB121B2F7BF002FA2BE /* AppDelegate.swift */,
				38665FB321B2F7BF002FA2BE /* ViewController.swift */,
				38665FB521B2F7BF002FA2BE /* Main.storyboard */,
				38665FB821B2F7BF002FA2BE /* Assets.xcassets */,
				38665FBA21B2F7BF002FA2BE /* LaunchScreen.storyboard */,
				38665FBD21B2F7BF002FA2BE /* Info.plist */,
			);
			path = "Auto Layout Calculator";
			sourceTree = "<group>";
		};
/* End PBXGroup section */

/* Begin PBXNativeTarget section */
		38665FAD21B2F7BF002FA2BE /* Auto Layout Calculator */ = {
			isa = PBXNativeTarget;
			buildConfigurationList = 38665FC021B2F7BF002FA2BE /* Build configuration list for PBXNativeTarget "Auto Layout Calculator" */;
			buildPhases = (
				38665FAA21B2F7BF002FA2BE /* Sources */,
				38665FAB21B2F7BF002FA2BE /* Frameworks */,
				38665FAC21B2F7BF002FA2BE /* Resources */,
			);
			buildRules = (
			);
			dependencies = (
			);
			name = "Auto Layout Calculator";
			productName = "Auto Layout Calculator";
			productReference = 38665FAE21B2F7BF002FA2BE /* Auto Layout Calculator.app */;
			productType = "com.apple.product-type.application";
		};
/* End PBXNativeTarget section */

/* Begin PBXProject section */
		38665FA621B2F7BF002FA2BE /* Project object */ = {
			isa = PBXProject;
			attributes = {
				LastSwiftUpdateCheck = 1010;
				LastUpgradeCheck = 1010;
				ORGANIZATIONNAME = "Abhishek Prajapati";
				TargetAttributes = {
					38665FAD21B2F7BF002FA2BE = {
						CreatedOnToolsVersion = 10.1;
					};
				};
			};
			buildConfigurationList = 38665FA921B2F7BF002FA2BE /* Build configuration list for PBXProject "Auto Layout Calculator" */;
			compatibilityVersion = "Xcode 9.3";
			developmentRegion = en;
			hasScannedForEncodings = 0;
			knownRegions = (
				en,
				Base,
			);
			mainGroup = 38665FA521B2F7BF002FA2BE;
			productRefGroup = 38665FAF21B2F7BF002FA2BE /* Products */;
			projectDirPath = "";
			projectRoot = "";
			targets = (
				38665FAD21B2F7BF002FA2BE /* Auto Layout Calculator */,
			);
		};
/* End PBXProject section */

/* Begin PBXResourcesBuildPhase section */
		38665FAC21B2F7BF002FA2BE /* Resources */ = {
			isa = PBXResourcesBuildPhase;
			buildActionMask = 2147483647;
			files = (
				38665FBC21B2F7BF002FA2BE /* LaunchScreen.storyboard in Resources */,
				38665FB921B2F7BF002FA2BE /* Assets.xcassets in Resources */,
				38665FB721B2F7BF002FA2BE /* Main.storyboard in Resources */,
			);
			runOnlyForDeploymentPostprocessing = 0;
		};
/* End PBXResourcesBuildPhase section */

/* Begin PBXSourcesBuildPhase section */
		38665FAA21B2F7BF002FA2BE /* Sources */ = {
			isa = PBXSourcesBuildPhase;
			buildActionMask = 2147483647;
			files = (
				38665FB421B2F7BF002FA2BE /* ViewController.swift in Sources */,
				38665FB221B2F7BF002FA2BE /* AppDelegate.swift in Sources */,
			);
			runOnlyForDeploymentPostprocessing = 0;
		};
/* End PBXSourcesBuildPhase section */

/* Begin PBXVariantGroup section */
		38665FB521B2F7BF002FA2BE /* Main.storyboard */ = {
			isa = PBXVariantGroup;
			children = (
				38665FB621B2F7BF002FA2BE /* Base */,
			);
			name = Main.storyboard;
			sourceTree = "<group>";
		};
		38665FBA21B2F7BF002FA2BE /* LaunchScreen.storyboard */ = {
			isa = PBXVariantGroup;
			children = (
				38665FBB21B2F7BF002FA2BE /* Base */,
			);
			name = LaunchScreen.storyboard;
			sourceTree = "<group>";
		};
/* End PBXVariantGroup section */

/* Begin XCBuildConfiguration section */
		38665FBE21B2F7BF002FA2BE /* Debug */ = {
			isa = XCBuildConfiguration;
			buildSettings = {
				ALWAYS_SEARCH_USER_PATHS = NO;
				CLANG_ANALYZER_NONNULL = YES;
				CLANG_ANALYZER_NUMBER_OBJECT_CONVERSION = YES_AGGRESSIVE;
				CLANG_CXX_LANGUAGE_STANDARD = "gnu++14";
				CLANG_CXX_LIBRARY = "libc++";
				CLANG_ENABLE_MODULES = YES;
				CLANG_ENABLE_OBJC_ARC = YES;
				CLANG_ENABLE_OBJC_WEAK = YES;
				CLANG_WARN_BLOCK_CAPTURE_AUTORELEASING = YES;
				CLANG_WARN_BOOL_CONVERSION = YES;
				CLANG_WARN_COMMA = YES;
				CLANG_WARN_CONSTANT_CONVERSION = YES;
				CLANG_WARN_DEPRECATED_OBJC_IMPLEMENTATIONS = YES;
				CLANG_WARN_DIRECT_OBJC_ISA_USAGE = YES_ERROR;
				CLANG_WARN_DOCUMENTATION_COMMENTS = YES;
				CLANG_WARN_EMPTY_BODY = YES;
				CLANG_WARN_ENUM_CONVERSION = YES;
				CLANG_WARN_INFINITE_RECURSION = YES;
				CLANG_WARN_INT_CONVERSION = YES;
				CLANG_WARN_NON_LITERAL_NULL_CONVERSION = YES;
				CLANG_WARN_OBJC_IMPLICIT_RETAIN_SELF = YES;
				CLANG_WARN_OBJC_LITERAL_CONVERSION = YES;
				CLANG_WARN_OBJC_ROOT_CLASS = YES_ERROR;
				CLANG_WARN_RANGE_LOOP_ANALYSIS = YES;
				CLANG_WARN_STRICT_PROTOTYPES = YES;
				CLANG_WARN_SUSPICIOUS_MOVE = YES;
				CLANG_WARN_UNGUARDED_AVAILABILITY = YES_AGGRESSIVE;
				CLANG_WARN_UNREACHABLE_CODE = YES;
				CLANG_WARN__DUPLICATE_METHOD_MATCH = YES;
				CODE_SIGN_IDENTITY = "iPhone Developer";
				COPY_PHASE_STRIP = NO;
				DEBUG_INFORMATION_FORMAT = dwarf;
				ENABLE_STRICT_OBJC_MSGSEND = YES;
				ENABLE_TESTABILITY = YES;
				GCC_C_LANGUAGE_STANDARD = gnu11;
				GCC_DYNAMIC_NO_PIC = NO;
				GCC_NO_COMMON_BLOCKS = YES;
				GCC_OPTIMIZATION_LEVEL = 0;
				GCC_PREPROCESSOR_DEFINITIONS = (
					"DEBUG=1",
					"$(inherited)",
				);
				GCC_WARN_64_TO_32_BIT_CONVERSION = YES;
				GCC_WARN_ABOUT_RETURN_TYPE = YES_ERROR;
				GCC_WARN_UNDECLARED_SELECTOR = YES;
				GCC_WARN_UNINITIALIZED_AUTOS = YES_AGGRESSIVE;
				GCC_WARN_UNUSED_FUNCTION = YES;
				GCC_WARN_UNUSED_VARIABLE = YES;
				IPHONEOS_DEPLOYMENT_TARGET = 12.1;
				MTL_ENABLE_DEBUG_INFO = INCLUDE_SOURCE;
				MTL_FAST_MATH = YES;
				ONLY_ACTIVE_ARCH = YES;
				SDKROOT = iphoneos;
				SWIFT_ACTIVE_COMPILATION_CONDITIONS = DEBUG;
				SWIFT_OPTIMIZATION_LEVEL = "-Onone";
			};
			name = Debug;
		};
		38665FBF21B2F7BF002FA2BE /* Release */ = {
			isa = XCBuildConfiguration;
			buildSettings = {
				ALWAYS_SEARCH_USER_PATHS = NO;
				CLANG_ANALYZER_NONNULL = YES;
				CLANG_ANALYZER_NUMBER_OBJECT_CONVERSION = YES_AGGRESSIVE;
				CLANG_CXX_LANGUAGE_STANDARD = "gnu++14";
				CLANG_CXX_LIBRARY = "libc++";
				CLANG_ENABLE_MODULES = YES;
				CLANG_ENABLE_OBJC_ARC = YES;
				CLANG_ENABLE_OBJC_WEAK = YES;
				CLANG_WARN_BLOCK_CAPTURE_AUTORELEASING = YES;
				CLANG_WARN_BOOL_CONVERSION = YES;
				CLANG_WARN_COMMA = YES;
				CLANG_WARN_CONSTANT_CONVERSION = YES;
				CLANG_WARN_DEPRECATED_OBJC_IMPLEMENTATIONS = YES;
				CLANG_WARN_DIRECT_OBJC_ISA_USAGE = YES_ERROR;
				CLANG_WARN_DOCUMENTATION_COMMENTS = YES;
				CLANG_WARN_EMPTY_BODY = YES;
				CLANG_WARN_ENUM_CONVERSION = YES;
				CLANG_WARN_INFINITE_RECURSION = YES;
				CLANG_WARN_INT_CONVERSION = YES;
				CLANG_WARN_NON_LITERAL_NULL_CONVERSION = YES;
				CLANG_WARN_OBJC_IMPLICIT_RETAIN_SELF = YES;
				CLANG_WARN_OBJC_LITERAL_CONVERSION = YES;
				CLANG_WARN_OBJC_ROOT_CLASS = YES_ERROR;
				CLANG_WARN_RANGE_LOOP_ANALYSIS = YES;
				CLANG_WARN_STRICT_PROTOTYPES = YES;
				CLANG_WARN_SUSPICIOUS_MOVE = YES;
				CLANG_WARN_UNGUARDED_AVAILABILITY = YES_AGGRESSIVE;
				CLANG_WARN_UNREACHABLE_CODE = YES;
				CLANG_WARN__DUPLICATE_METHOD_MATCH = YES;
				CODE_SIGN_IDENTITY = "iPhone Developer";
				COPY_PHASE_STRIP = NO;
				DEBUG_INFORMATION_FORMAT = "dwarf-with-dsym";
				ENABLE_NS_ASSERTIONS = NO;
				ENABLE_STRICT_OBJC_MSGSEND = YES;
				GCC_C_LANGUAGE_STANDARD = gnu11;
				GCC_NO_COMMON_BLOCKS = YES;
				GCC_WARN_64_TO_32_BIT_CONVERSION = YES;
				GCC_WARN_ABOUT_RETURN_TYPE = YES_ERROR;
				GCC_WARN_UNDECLARED_SELECTOR = YES;
				GCC_WARN_UNINITIALIZED_AUTOS = YES_AGGRESSIVE;
				GCC_WARN_UNUSED_FUNCTION = YES;
				GCC_WARN_UNUSED_VARIABLE = YES;
				IPHONEOS_DEPLOYMENT_TARGET = 12.1;
				MTL_ENABLE_DEBUG_INFO = NO;
				MTL_FAST_MATH = YES;
				SDKROOT = iphoneos;
				SWIFT_COMPILATION_MODE = wholemodule;
				SWIFT_OPTIMIZATION_LEVEL = "-O";
				VALIDATE_PRODUCT = YES;
			};
			name = Release;
		};
		38665FC121B2F7BF002FA2BE /* Debug */ = {
			isa = XCBuildConfiguration;
			buildSettings = {
				ASSETCATALOG_COMPILER_APPICON_NAME = AppIcon;
				CODE_SIGN_STYLE = Automatic;
				DEVELOPMENT_TEAM = 4CU8RR224N;
				INFOPLIST_FILE = "Auto Layout Calculator/Info.plist";
				LD_RUNPATH_SEARCH_PATHS = (
					"$(inherited)",
					"@executable_path/Frameworks",
				);
				PRODUCT_BUNDLE_IDENTIFIER = "com.abhishekprajapati.Auto-Layout-Calculator";
				PRODUCT_NAME = "$(TARGET_NAME)";
				SWIFT_VERSION = 4.2;
				TARGETED_DEVICE_FAMILY = "1,2";
			};
			name = Debug;
		};
		38665FC221B2F7BF002FA2BE /* Release */ = {
			isa = XCBuildConfiguration;
			buildSettings = {
				ASSETCATALOG_COMPILER_APPICON_NAME = AppIcon;
				CODE_SIGN_STYLE = Automatic;
				DEVELOPMENT_TEAM = 4CU8RR224N;
				INFOPLIST_FILE = "Auto Layout Calculator/Info.plist";
				LD_RUNPATH_SEARCH_PATHS = (
					"$(inherited)",
					"@executable_path/Frameworks",
				);
				PRODUCT_BUNDLE_IDENTIFIER = "com.abhishekprajapati.Auto-Layout-Calculator";
				PRODUCT_NAME = "$(TARGET_NAME)";
				SWIFT_VERSION = 4.2;
				TARGETED_DEVICE_FAMILY = "1,2";
			};
			name = Release;
		};
/* End XCBuildConfiguration section */

/* Begin XCConfigurationList section */
		38665FA921B2F7BF002FA2BE /* Build configuration list for PBXProject "Auto Layout Calculator" */ = {
			isa = XCConfigurationList;
			buildConfigurations = (
				38665FBE21B2F7BF002FA2BE /* Debug */,
				38665FBF21B2F7BF002FA2BE /* Release */,
			);
			defaultConfigurationIsVisible = 0;
			defaultConfigurationName = Release;
		};
		38665FC021B2F7BF002FA2BE /* Build configuration list for PBXNativeTarget "Auto Layout Calculator" */ = {
			isa = XCConfigurationList;
			buildConfigurations = (
				38665FC121B2F7BF002FA2BE /* Debug */,
				38665FC221B2F7BF002FA2BE /* Release */,
			);
			defaultConfigurationIsVisible = 0;
			defaultConfigurationName = Release;
		};
/* End XCConfigurationList section */
	};
	rootObject = 38665FA621B2F7BF002FA2BE /* Project object */;
}
